schema: '2.0'
stages:
  reference_v0:
    cmd: node kaggle_reference_run.mjs --config configs/reference-v0.json
    deps:
    - path: configs/reference-v0.json
      hash: md5
      md5: 5257cca92fe9b7905d223d2b9faccc99
      size: 1729
    - path: gradient-results/nonzero-diagnostic-adapter-v2/adapter.pt
      hash: md5
      md5: 73d999a775414e49b6cc298bc4a299ba
      size: 134184559
    - path: gradient-results/reference-nonzero-ab-repeat-v1/gradients.pt
      hash: md5
      md5: 20370b16cedbe79d02ae905d86980f94
      size: 134192587
    - path: gradient-results/reference-nonzero-ab-repeat-v1/result.json
      hash: md5
      md5: de43732b505637a5ba69385effa7110f
      size: 669
    - path: kaggle_reference_run.mjs
      hash: md5
      md5: 8899688cc3cc6270b63b19d13dbbc852
      size: 19878
    - path: kaggle_reference_worker.py
      hash: md5
      md5: 078ac4ed96580bd131282f0556ab7a66
      size: 15509
    - path: overfit_hf_reference.py
      hash: md5
      md5: 6618db7c75b60c9c366f69cece15f41d
      size: 14678
    outs:
    - path: gradient-results/reference-runner-v0
      hash: md5
      md5: 3f60d30615ad5321dd2e85ebd80266c9.dir
      size: 532915101
      nfiles: 38
    - path: metrics/reference-v0.json
      hash: md5
      md5: a823b8a599d257f7036863ad93a425e6
      size: 3424
  target_mask_v1:
    cmd: node kaggle_reference_run.mjs --config configs/target-mask-v1.json
    deps:
    - path: configs/target-mask-v1.json
      hash: md5
      md5: c4b67c9ad46df7ba99514280057eef4e
      size: 2202
    - path: gradient-results/nonzero-diagnostic-adapter-v2/adapter.pt
      hash: md5
      md5: 73d999a775414e49b6cc298bc4a299ba
      size: 134184559
    - path: gradient-results/reference-nonzero-ab-repeat-v1/gradients.pt
      hash: md5
      md5: 20370b16cedbe79d02ae905d86980f94
      size: 134192587
    - path: gradient-results/reference-nonzero-ab-repeat-v1/result.json
      hash: md5
      md5: de43732b505637a5ba69385effa7110f
      size: 669
    - path: kaggle_reference_run.mjs
      hash: md5
      md5: 9949b46c0e1d4472fcdd575942293fb5
      size: 22719
    - path: kaggle_reference_worker.py
      hash: md5
      md5: b1f42273974af4da7b425015d000f9e2
      size: 16815
    - path: overfit_hf_reference.py
      hash: md5
      md5: 6618db7c75b60c9c366f69cece15f41d
      size: 14678
    - path: target_mask_operator_check.py
      hash: md5
      md5: 49150d75ee09b4522cb1ff80160325ec
      size: 5003
    - path: target_only_head.py
      hash: md5
      md5: a7d5f75bc5d055d558be64d0e1c07dc6
      size: 8936
    - path: trajectory_head_loss.py
      hash: md5
      md5: 4707008a4bf9f67402dd4b64de86164f
      size: 5100
    outs:
    - path: gradient-results/target-mask-v1
      hash: md5
      md5: 14648081d64df7c4c454936cb1cc3a29.dir
      size: 1365074831
      nfiles: 52
    - path: metrics/target-mask-v1.json
      hash: md5
      md5: 8996678c9531be44a1c9f2769e3f5044
      size: 6358
  liger_flce_v2:
    cmd: node kaggle_reference_run.mjs --config configs/liger-flce-v2.json
    deps:
    - path: configs/liger-flce-v2.json
      hash: md5
      md5: 9425ac6fe252c65ffa07c32c55a19727
      size: 2671
    - path: gradient-results/nonzero-diagnostic-adapter-v2/adapter.pt
      hash: md5
      md5: 73d999a775414e49b6cc298bc4a299ba
      size: 134184559
    - path: gradient-results/reference-nonzero-ab-repeat-v1/gradients.pt
      hash: md5
      md5: 20370b16cedbe79d02ae905d86980f94
      size: 134192587
    - path: gradient-results/reference-nonzero-ab-repeat-v1/result.json
      hash: md5
      md5: de43732b505637a5ba69385effa7110f
      size: 669
    - path: kaggle_reference_run.mjs
      hash: md5
      md5: 91cf2c9e1da33ed021f4ba539d865659
      size: 24904
    - path: kaggle_reference_worker.py
      hash: md5
      md5: 396f9cab742edc8a5f324f82724d1797
      size: 18611
    - path: liger_operator_check.py
      hash: md5
      md5: bac7a9a96c00c2e836e86d52bcf48fe9
      size: 5605
    - path: liger_target_loss.py
      hash: md5
      md5: 5265a3c86acb71f9f7b03748b7c80d29
      size: 8712
    - path: overfit_hf_reference.py
      hash: md5
      md5: 6618db7c75b60c9c366f69cece15f41d
      size: 14678
    - path: target_only_head.py
      hash: md5
      md5: a7d5f75bc5d055d558be64d0e1c07dc6
      size: 8936
    outs:
    - path: gradient-results/liger-flce-v2
      hash: md5
      md5: 80c493ffb3c581c80fb485962d12cb42.dir
      size: 1366392163
      nfiles: 54
    - path: metrics/liger-flce-v2.json
      hash: md5
      md5: 0848ba0c6b80336177273694e24248ef
      size: 6792
  cce_exact_v3:
    cmd: node kaggle_reference_run.mjs --config configs/cce-exact-v3.json
    deps:
    - path: cce_operator_check.py
      hash: md5
      md5: eecd7feed863a53f37f14d76d72ce478
      size: 5603
    - path: cce_target_loss.py
      hash: md5
      md5: 596ce68b7fe2074c52407b2f1d90197f
      size: 8906
    - path: configs/cce-exact-v3.json
      hash: md5
      md5: f495ea0de4e522f2d949d5f2e8e96f78
      size: 2749
    - path: gradient-results/nonzero-diagnostic-adapter-v2/adapter.pt
      hash: md5
      md5: 73d999a775414e49b6cc298bc4a299ba
      size: 134184559
    - path: gradient-results/reference-nonzero-ab-repeat-v1/gradients.pt
      hash: md5
      md5: 20370b16cedbe79d02ae905d86980f94
      size: 134192587
    - path: gradient-results/reference-nonzero-ab-repeat-v1/result.json
      hash: md5
      md5: de43732b505637a5ba69385effa7110f
      size: 669
    - path: kaggle_reference_run.mjs
      hash: md5
      md5: a1adddf54fa407e8046399f745c7892a
      size: 26532
    - path: kaggle_reference_worker.py
      hash: md5
      md5: 4f6609dbc5ff7d1f5a53d46b722435f1
      size: 20345
    - path: overfit_hf_reference.py
      hash: md5
      md5: 6618db7c75b60c9c366f69cece15f41d
      size: 14678
    - path: target_only_head.py
      hash: md5
      md5: a7d5f75bc5d055d558be64d0e1c07dc6
      size: 8936
    outs:
    - path: gradient-results/cce-exact-v3
      hash: md5
      md5: 07c61ac3ad93923488c7a17fa18a5729.dir
      size: 1365913509
      nfiles: 54
    - path: metrics/cce-exact-v3.json
      hash: md5
      md5: 37e991cd91b739123a36e68795c5d295
      size: 6760
  cce_opt3_mask_v4:
    cmd: node kaggle_reference_run.mjs --config configs/cce-opt3-mask-v4.json
    deps:
    - path: cce_operator_check.py
      hash: md5
      md5: eecd7feed863a53f37f14d76d72ce478
      size: 5603
    - path: cce_target_loss.py
      hash: md5
      md5: 596ce68b7fe2074c52407b2f1d90197f
      size: 8906
    - path: configs/cce-opt3-mask-v4.json
      hash: md5
      md5: 90742cab43f9c509cf7729ae8d85b565
      size: 3183
    - path: gradient-results/cce-exact-v3/gradients.pt
      hash: md5
      md5: f0030415a8e225c2374617fb7ab5f8b6
      size: 134192587
    - path: gradient-results/cce-exact-v3/result.json
      hash: md5
      md5: 32776065a2bb1f126bfbed751ca10b0a
      size: 668
    - path: gradient-results/nonzero-diagnostic-adapter-v2/adapter.pt
      hash: md5
      md5: 73d999a775414e49b6cc298bc4a299ba
      size: 134184559
    - path: kaggle_reference_run.mjs
      hash: md5
      md5: e7244040e4ff0c790c28c7fdae7a045b
      size: 28331
    - path: kaggle_reference_worker.py
      hash: md5
      md5: 7f0e47177e7e1cde7f9bc213a90d5709
      size: 20813
    - path: native_mask_storage.py
      hash: md5
      md5: 8ce4756dd425e0f9cd66a6236b48f016
      size: 3797
    - path: opt3_mask_capture.py
      hash: md5
      md5: 22542eab83e538d466783f833ed25c83
      size: 3656
    - path: opt3_mask_operator_check.py
      hash: md5
      md5: 638cb251148d5078ce5546a5f3e86f56
      size: 6398
    - path: overfit_hf_reference.py
      hash: md5
      md5: 6618db7c75b60c9c366f69cece15f41d
      size: 14678
    - path: target_only_head.py
      hash: md5
      md5: a7d5f75bc5d055d558be64d0e1c07dc6
      size: 8936
    outs:
    - path: gradient-results/cce-opt3-mask-v4
      hash: md5
      md5: cc93515b1b120fc1bccd14ea1625f459.dir
      size: 1366163450
      nfiles: 70
    - path: metrics/cce-opt3-mask-v4.json
      hash: md5
      md5: 7b7812ca1e8bc9332d8454a13194da6f
      size: 19881
  cce_opt4_ple_v5:
    cmd: node kaggle_reference_run.mjs --config configs/cce-opt4-ple-v5.json
    deps:
    - path: cce_operator_check.py
      hash: md5
      md5: eecd7feed863a53f37f14d76d72ce478
      size: 5603
    - path: cce_target_loss.py
      hash: md5
      md5: 596ce68b7fe2074c52407b2f1d90197f
      size: 8906
    - path: configs/cce-opt4-ple-v5.json
      hash: md5
      md5: c20a56b46865e31dae00730a0595e0a5
      size: 3454
    - path: gradient-results/cce-opt3-mask-v4/gradients.pt
      hash: md5
      md5: 3782b71b454b2fd998e82e28f1702b1b
      size: 134192587
    - path: gradient-results/cce-opt3-mask-v4/result.json
      hash: md5
      md5: 0479fe23f216722bb11dd45b45b51b3a
      size: 669
    - path: gradient-results/nonzero-diagnostic-adapter-v2/adapter.pt
      hash: md5
      md5: 73d999a775414e49b6cc298bc4a299ba
      size: 134184559
    - path: kaggle_reference_run.mjs
      hash: md5
      md5: 09db41181454e8b179fde699246a78a5
      size: 30181
    - path: kaggle_reference_worker.py
      hash: md5
      md5: 116e3daa566aff445f787d89b6462a7f
      size: 23050
    - path: native_mask_storage.py
      hash: md5
      md5: 8ce4756dd425e0f9cd66a6236b48f016
      size: 3797
    - path: opt3_mask_capture.py
      hash: md5
      md5: 22542eab83e538d466783f833ed25c83
      size: 3656
    - path: opt3_mask_operator_check.py
      hash: md5
      md5: 638cb251148d5078ce5546a5f3e86f56
      size: 6398
    - path: opt4_ple_capture.py
      hash: md5
      md5: 00422d37ba760d48034400bb8b527aec
      size: 6854
    - path: opt4_ple_operator_check.py
      hash: md5
      md5: d962b836a0cd542d0e04d087cad3c733
      size: 5759
    - path: overfit_hf_reference.py
      hash: md5
      md5: 6618db7c75b60c9c366f69cece15f41d
      size: 14678
    - path: ple_preparation.py
      hash: md5
      md5: 02044d7dcf76069791236c805c4f4961
      size: 8950
    - path: target_only_head.py
      hash: md5
      md5: a7d5f75bc5d055d558be64d0e1c07dc6
      size: 8936
    outs:
    - path: gradient-results/cce-opt4-ple-v5
      hash: md5
      md5: ebb3229748d601a248020122433ede0e.dir
      size: 1551100183
      nfiles: 86
    - path: metrics/cce-opt4-ple-v5.json
      hash: md5
      md5: b9ac01ced818e3c9b7af6532c378ee00
      size: 26332
  layer_dtype_trace_v1:
    cmd: node kaggle_layer_dtype_run.mjs --config
      configs/layer-dtype-trace-v1.json
    deps:
    - path: configs/layer-dtype-trace-v1.json
      hash: md5
      md5: 92f6b282ff891c07677474ee4f95795a
      size: 1148
    - path: gradient-results/nonzero-diagnostic-adapter-v2/adapter.pt
      hash: md5
      md5: 73d999a775414e49b6cc298bc4a299ba
      size: 134184559
    - path: kaggle_layer_dtype_run.mjs
      hash: md5
      md5: ceb42e5dc92a382aaa7e31866c48e644
      size: 8522
    - path: native_mask_storage.py
      hash: md5
      md5: 8ce4756dd425e0f9cd66a6236b48f016
      size: 3797
    - path: opt3_mask_capture.py
      hash: md5
      md5: 22542eab83e538d466783f833ed25c83
      size: 3656
    - path: opt4_ple_capture.py
      hash: md5
      md5: 00422d37ba760d48034400bb8b527aec
      size: 6854
    - path: overfit_hf_reference.py
      hash: md5
      md5: 6618db7c75b60c9c366f69cece15f41d
      size: 14678
    - path: ple_preparation.py
      hash: md5
      md5: 02044d7dcf76069791236c805c4f4961
      size: 8950
    - path: trace_layer_dtypes.py
      hash: md5
      md5: f570d2b9088ec3a0aceb1de232990b1a
      size: 14303
    outs:
    - path: gradient-results/layer-dtype-trace-v1
      hash: md5
      md5: ae2294f3a1dd56b543600f6e0ca68284.dir
      size: 75133485
      nfiles: 63
    - path: metrics/layer-dtype-trace-v1.json
      hash: md5
      md5: 3abd60b911dfb04d4e76d0161c3db506
      size: 2726
  cce_opt5_bf16_v6:
    cmd: node kaggle_reference_run.mjs --config configs/cce-opt5-bf16-v6.json
    deps:
    - path: bf16_activation_policy.py
      hash: md5
      md5: 36c0161fcd3e66939510a26b2b20f78d
      size: 12631
    - path: cce_operator_check.py
      hash: md5
      md5: eecd7feed863a53f37f14d76d72ce478
      size: 5603
    - path: cce_target_loss.py
      hash: md5
      md5: 596ce68b7fe2074c52407b2f1d90197f
      size: 8906
    - path: configs/cce-opt5-bf16-v6.json
      hash: md5
      md5: a0bbab1884990259dfc6dbaf969d1d9c
      size: 3974
    - path: gradient-results/cce-opt4-ple-v5/gradients.pt
      hash: md5
      md5: 7873f96a56ff85c6708ab7978a16445a
      size: 134192587
    - path: gradient-results/cce-opt4-ple-v5/result.json
      hash: md5
      md5: 8ce671de8fcdb487e8400262bf929164
      size: 669
    - path: gradient-results/nonzero-diagnostic-adapter-v2/adapter.pt
      hash: md5
      md5: 73d999a775414e49b6cc298bc4a299ba
      size: 134184559
    - path: kaggle_reference_run.mjs
      hash: md5
      md5: 5da4c17fd3a1e5d0933839bfdb657bb5
      size: 32301
    - path: kaggle_reference_worker.py
      hash: md5
      md5: 8ee5d29e0fe675658a14347d10c611c6
      size: 23796
    - path: native_mask_storage.py
      hash: md5
      md5: 8ce4756dd425e0f9cd66a6236b48f016
      size: 3797
    - path: opt3_mask_capture.py
      hash: md5
      md5: 22542eab83e538d466783f833ed25c83
      size: 3656
    - path: opt3_mask_operator_check.py
      hash: md5
      md5: 638cb251148d5078ce5546a5f3e86f56
      size: 6398
    - path: opt4_ple_capture.py
      hash: md5
      md5: 00422d37ba760d48034400bb8b527aec
      size: 6854
    - path: opt4_ple_operator_check.py
      hash: md5
      md5: d962b836a0cd542d0e04d087cad3c733
      size: 5759
    - path: overfit_hf_reference.py
      hash: md5
      md5: 6618db7c75b60c9c366f69cece15f41d
      size: 14678
    - path: ple_preparation.py
      hash: md5
      md5: 02044d7dcf76069791236c805c4f4961
      size: 8950
    - path: target_only_head.py
      hash: md5
      md5: a7d5f75bc5d055d558be64d0e1c07dc6
      size: 8936
    outs:
    - path: gradient-results/cce-opt5-bf16-v6
      hash: md5
      md5: e0fbd2542bdb5b4920ba92657c924e19.dir
      size: 1417654269
      nfiles: 92
    - path: metrics/cce-opt5-bf16-v6.json
      hash: md5
      md5: d6c9ea7ad850e3e8b12a041c07f5ab5f
      size: 53823
  cce_opt5_activations_v7:
    cmd: node kaggle_reference_run.mjs --config
      configs/cce-opt5-activations-v7.json
    deps:
    - path: bf16_activation_policy.py
      hash: md5
      md5: 36c0161fcd3e66939510a26b2b20f78d
      size: 12631
    - path: bf16_model_activations.py
      hash: md5
      md5: d8f5c404312c09fdd217dacc6ce47147
      size: 13117
    - path: cce_operator_check.py
      hash: md5
      md5: eecd7feed863a53f37f14d76d72ce478
      size: 5603
    - path: cce_target_loss.py
      hash: md5
      md5: 596ce68b7fe2074c52407b2f1d90197f
      size: 8906
    - path: configs/cce-opt5-activations-v7.json
      hash: md5
      md5: 5927d751f3c0d038ff3c64f49262e0a2
      size: 4203
    - path: gradient-results/cce-opt4-ple-v5/gradients.pt
      hash: md5
      md5: 7873f96a56ff85c6708ab7978a16445a
      size: 134192587
    - path: gradient-results/cce-opt4-ple-v5/result.json
      hash: md5
      md5: 8ce671de8fcdb487e8400262bf929164
      size: 669
    - path: gradient-results/nonzero-diagnostic-adapter-v2/adapter.pt
      hash: md5
      md5: 73d999a775414e49b6cc298bc4a299ba
      size: 134184559
    - path: kaggle_reference_run.mjs
      hash: md5
      md5: f5d9239ff9837754e03c1bc7cd094353
      size: 33475
    - path: kaggle_reference_worker.py
      hash: md5
      md5: 05ad67ba3bacb65696373a3ae30c62a1
      size: 24002
    - path: native_mask_storage.py
      hash: md5
      md5: 8ce4756dd425e0f9cd66a6236b48f016
      size: 3797
    - path: opt3_mask_capture.py
      hash: md5
      md5: 22542eab83e538d466783f833ed25c83
      size: 3656
    - path: opt3_mask_operator_check.py
      hash: md5
      md5: 638cb251148d5078ce5546a5f3e86f56
      size: 6398
    - path: opt4_ple_capture.py
      hash: md5
      md5: 00422d37ba760d48034400bb8b527aec
      size: 6854
    - path: opt4_ple_operator_check.py
      hash: md5
      md5: d962b836a0cd542d0e04d087cad3c733
      size: 5759
    - path: overfit_hf_reference.py
      hash: md5
      md5: 6618db7c75b60c9c366f69cece15f41d
      size: 14678
    - path: ple_preparation.py
      hash: md5
      md5: 02044d7dcf76069791236c805c4f4961
      size: 8950
    - path: target_only_head.py
      hash: md5
      md5: a7d5f75bc5d055d558be64d0e1c07dc6
      size: 8936
    outs:
    - path: gradient-results/cce-opt5-activations-v7
      hash: md5
      md5: a917fd64b3cca17aac2ab44c947f91fc.dir
      size: 1418086867
      nfiles: 94
    - path: metrics/cce-opt5-activations-v7.json
      hash: md5
      md5: 3387954089ab504410fbebcc0e0f861a
      size: 263764
