schema: '2.0'
stages:
  games:
    cmd: uv run --no-sync python scripts/fetch_games.py
    deps:
    - path: inference/framework/kaggle.py
      hash: md5
      md5: abbc5459fd8b7f9e5818a995b9d125a8
      size: 17688
    - path: scripts/fetch_games.py
      hash: md5
      md5: ce610637514bfe1c6dea5261dba05e27
      size: 3039
    outs:
    - path: environment_files
      hash: md5
      md5: bbb295385f2af454e28e336f71ecdfa1.dir
      size: 3978590
      nfiles: 50
  game_code:
    cmd: uv run --no-sync python scripts/extract_game_code.py
    deps:
    - path: environment_files
      hash: md5
      md5: bbb295385f2af454e28e336f71ecdfa1.dir
      size: 3978590
      nfiles: 50
    - path: inference/agent/game_code.py
      hash: md5
      md5: 78f1628427e19e2f1884065028a5f341
      size: 3330
    - path: scripts/extract_game_code.py
      hash: md5
      md5: a7af67cb83a7ba56f19e5caec7f106dc
      size: 4327
    - path: uv.lock
      hash: md5
      md5: 87d46e6b66acc0a763f992a90863391e
      size: 361719
    outs:
    - path: game_code
      hash: md5
      md5: 882c6a9109844590f358632a4410abdb.dir
      size: 4059399
      nfiles: 33
